
Microsoft Visual Studio Solution File, Format Version 12.00
# Visual Studio 2012
Project("{FAE04EC0-301F-11D3-BF4B-00C04F79EFBC}") = "RepositoryAnalyser", "RepositoryAnalyser\RepositoryAnalyser.csproj", "{9959A405-E046-4F66-8601-B623089BAD69}"
EndProject
Global
	GlobalSection(SolutionConfigurationPlatforms) = preSolution
		Debug = Debug
		Release = Release
		Debug|Any CPU = Debug|Any CPU
		Release|Any CPU = Release|Any CPU
	EndGlobalSection
	GlobalSection(ProjectConfigurationPlatforms) = postSolution
		{9959A405-E046-4F66-8601-B623089BAD69}.Debug|Any CPU.ActiveCfg = Debug|Any CPU
		{9959A405-E046-4F66-8601-B623089BAD69}.Debug|Any CPU.Build.0 = Debug|Any CPU
		{9959A405-E046-4F66-8601-B623089BAD69}.Release|Any CPU.ActiveCfg = Release|Any CPU
		{9959A405-E046-4F66-8601-B623089BAD69}.Release|Any CPU.Build.0 = Release|Any CPU
	EndGlobalSection
EndGlobal
